// !$*UTF8*$!
{
	archiveVersion = 1;
	classes = {
	};
	objectVersion = 50;
	objects = {

/* Begin PBXBuildFile section */
		3D3DA30926FE3B23004ED308 /* AppDelegate.swift in Sources */ = {isa = PBXBuildFile; fileRef = 3D3DA30826FE3B23004ED308 /* AppDelegate.swift */; };
		3D3DA30B26FE3B23004ED308 /* SceneDelegate.swift in Sources */ = {isa = PBXBuildFile; fileRef = 3D3DA30A26FE3B23004ED308 /* SceneDelegate.swift */; };
		3D3DA30D26FE3B23004ED308 /* ViewController.swift in Sources */ = {isa = PBXBuildFile; fileRef = 3D3DA30C26FE3B23004ED308 /* ViewController.swift */; };
		3D3DA31026FE3B23004ED308 /* Main.storyboard in Resources */ = {isa = PBXBuildFile; fileRef = 3D3DA30E26FE3B23004ED308 /* Main.storyboard */; };
		3D3DA31226FE3B25004ED308 /* Assets.xcassets in Resources */ = {isa = PBXBuildFile; fileRef = 3D3DA31126FE3B25004ED308 /* Assets.xcassets */; };
		3D3DA31526FE3B25004ED308 /* LaunchScreen.storyboard in Resources */ = {isa = PBXBuildFile; fileRef = 3D3DA31326FE3B25004ED308 /* LaunchScreen.storyboard */; };
		3D3DA32026FE3B25004ED308 /* primeparcialTests.swift in Sources */ = {isa = PBXBuildFile; fileRef = 3D3DA31F26FE3B25004ED308 /* primeparcialTests.swift */; };
		3D3DA32B26FE3B25004ED308 /* primeparcialUITests.swift in Sources */ = {isa = PBXBuildFile; fileRef = 3D3DA32A26FE3B25004ED308 /* primeparcialUITests.swift */; };
/* End PBXBuildFile section */

/* Begin PBXContainerItemProxy section */
		3D3DA31C26FE3B25004ED308 /* PBXContainerItemProxy */ = {
			isa = PBXContainerItemProxy;
			containerPortal = 3D3DA2FD26FE3B23004ED308 /* Project object */;
			proxyType = 1;
			remoteGlobalIDString = 3D3DA30426FE3B23004ED308;
			remoteInfo = primeparcial;
		};
		3D3DA32726FE3B25004ED308 /* PBXContainerItemProxy */ = {
			isa = PBXContainerItemProxy;
			containerPortal = 3D3DA2FD26FE3B23004ED308 /* Project object */;
			proxyType = 1;
			remoteGlobalIDString = 3D3DA30426FE3B23004ED308;
			remoteInfo = primeparcial;
		};
/* End PBXContainerItemProxy section */

/* Begin PBXFileReference section */
		3D3DA30526FE3B23004ED308 /* primeparcial.app */ = {isa = PBXFileReference; explicitFileType = wrapper.application; includeInIndex = 0; path = primeparcial.app; sourceTree = BUILT_PRODUCTS_DIR; };
		3D3DA30826FE3B23004ED308 /* AppDelegate.swift */ = {isa = PBXFileReference; lastKnownFileType = sourcecode.swift; path = AppDelegate.swift; sourceTree = "<group>"; };
		3D3DA30A26FE3B23004ED308 /* SceneDelegate.swift */ = {isa = PBXFileReference; lastKnownFileType = sourcecode.swift; path = SceneDelegate.swift; sourceTree = "<group>"; };
		3D3DA30C26FE3B23004ED308 /* ViewController.swift */ = {isa = PBXFileReference; lastKnownFileType = sourcecode.swift; path = ViewController.swift; sourceTree = "<group>"; };
		3D3DA30F26FE3B23004ED308 /* Base */ = {isa = PBXFileReference; lastKnownFileType = file.storyboard; name = Base; path = Base.lproj/Main.storyboard; sourceTree = "<group>"; };
		3D3DA31126FE3B25004ED308 /* Assets.xcassets */ = {isa = PBXFileReference; lastKnownFileType = folder.assetcatalog; path = Assets.xcassets; sourceTree = "<group>"; };
		3D3DA31426FE3B25004ED308 /* Base */ = {isa = PBXFileReference; lastKnownFileType = file.storyboard; name = Base; path = Base.lproj/LaunchScreen.storyboard; sourceTree = "<group>"; };
		3D3DA31626FE3B25004ED308 /* Info.plist */ = {isa = PBXFileReference; lastKnownFileType = text.plist.xml; path = Info.plist; sourceTree = "<group>"; };
		3D3DA31B26FE3B25004ED308 /* primeparcialTests.xctest */ = {isa = PBXFileReference; explicitFileType = wrapper.cfbundle; includeInIndex = 0; path = primeparcialTests.xctest; sourceTree = BUILT_PRODUCTS_DIR; };
		3D3DA31F26FE3B25004ED308 /* primeparcialTests.swift */ = {isa = PBXFileReference; lastKnownFileType = sourcecode.swift; path = primeparcialTests.swift; sourceTree = "<group>"; };
		3D3DA32126FE3B25004ED308 /* Info.plist */ = {isa = PBXFileReference; lastKnownFileType = text.plist.xml; path = Info.plist; sourceTree = "<group>"; };
		3D3DA32626FE3B25004ED308 /* primeparcialUITests.xctest */ = {isa = PBXFileReference; explicitFileType = wrapper.cfbundle; includeInIndex = 0; path = primeparcialUITests.xctest; sourceTree = BUILT_PRODUCTS_DIR; };
		3D3DA32A26FE3B25004ED308 /* primeparcialUITests.swift */ = {isa = PBXFileReference; lastKnownFileType = sourcecode.swift; path = primeparcialUITests.swift; sourceTree = "<group>"; };
		3D3DA32C26FE3B25004ED308 /* Info.plist */ = {isa = PBXFileReference; lastKnownFileType = text.plist.xml; path = Info.plist; sourceTree = "<group>"; };
/* End PBXFileReference section */

/* Begin PBXFrameworksBuildPhase section */
		3D3DA30226FE3B23004ED308 /* Frameworks */ = {
			isa = PBXFrameworksBuildPhase;
			buildActionMask = 2147483647;
			files = (
			);
			runOnlyForDeploymentPostprocessing = 0;
		};
		3D3DA31826FE3B25004ED308 /* Frameworks */ = {
			isa = PBXFrameworksBuildPhase;
			buildActionMask = 2147483647;
			files = (
			);
			runOnlyForDeploymentPostprocessing = 0;
		};
		3D3DA32326FE3B25004ED308 /* Frameworks */ = {
			isa = PBXFrameworksBuildPhase;
			buildActionMask = 2147483647;
			files = (
			);
			runOnlyForDeploymentPostprocessing = 0;
		};
/* End PBXFrameworksBuildPhase section */

/* Begin PBXGroup section */
		3D3DA2FC26FE3B23004ED308 = {
			isa = PBXGroup;
			children = (
				3D3DA30726FE3B23004ED308 /* primeparcial */,
				3D3DA31E26FE3B25004ED308 /* primeparcialTests */,
				3D3DA32926FE3B25004ED308 /* primeparcialUITests */,
				3D3DA30626FE3B23004ED308 /* Products */,
			);
			sourceTree = "<group>";
		};
		3D3DA30626FE3B23004ED308 /* Products */ = {
			isa = PBXGroup;
			children = (
				3D3DA30526FE3B23004ED308 /* primeparcial.app */,
				3D3DA31B26FE3B25004ED308 /* primeparcialTests.xctest */,
				3D3DA32626FE3B25004ED308 /* primeparcialUITests.xctest */,
			);
			name = Products;
			sourceTree = "<group>";
		};
		3D3DA30726FE3B23004ED308 /* primeparcial */ = {
			isa = PBXGroup;
			children = (
				3D3DA30826FE3B23004ED308 /* AppDelegate.swift */,
				3D3DA30A26FE3B23004ED308 /* SceneDelegate.swift */,
				3D3DA30C26FE3B23004ED308 /* ViewController.swift */,
				3D3DA30E26FE3B23004ED308 /* Main.storyboard */,
				3D3DA31126FE3B25004ED308 /* Assets.xcassets */,
				3D3DA31326FE3B25004ED308 /* LaunchScreen.storyboard */,
				3D3DA31626FE3B25004ED308 /* Info.plist */,
			);
			path = primeparcial;
			sourceTree = "<group>";
		};
		3D3DA31E26FE3B25004ED308 /* primeparcialTests */ = {
			isa = PBXGroup;
			children = (
				3D3DA31F26FE3B25004ED308 /* primeparcialTests.swift */,
				3D3DA32126FE3B25004ED308 /* Info.plist */,
			);
			path = primeparcialTests;
			sourceTree = "<group>";
		};
		3D3DA32926FE3B25004ED308 /* primeparcialUITests */ = {
			isa = PBXGroup;
			children = (
				3D3DA32A26FE3B25004ED308 /* primeparcialUITests.swift */,
				3D3DA32C26FE3B25004ED308 /* Info.plist */,
			);
			path = primeparcialUITests;
			sourceTree = "<group>";
		};
/* End PBXGroup section */

/* Begin PBXNativeTarget section */
		3D3DA30426FE3B23004ED308 /* primeparcial */ = {
			isa = PBXNativeTarget;
			buildConfigurationList = 3D3DA32F26FE3B25004ED308 /* Build configuration list for PBXNativeTarget "primeparcial" */;
			buildPhases = (
				3D3DA30126FE3B23004ED308 /* Sources */,
				3D3DA30226FE3B23004ED308 /* Frameworks */,
				3D3DA30326FE3B23004ED308 /* Resources */,
			);
			buildRules = (
			);
			dependencies = (
			);
			name = primeparcial;
			productName = primeparcial;
			productReference = 3D3DA30526FE3B23004ED308 /* primeparcial.app */;
			productType = "com.apple.product-type.application";
		};
		3D3DA31A26FE3B25004ED308 /* primeparcialTests */ = {
			isa = PBXNativeTarget;
			buildConfigurationList = 3D3DA33226FE3B25004ED308 /* Build configuration list for PBXNativeTarget "primeparcialTests" */;
			buildPhases = (
				3D3DA31726FE3B25004ED308 /* Sources */,
				3D3DA31826FE3B25004ED308 /* Frameworks */,
				3D3DA31926FE3B25004ED308 /* Resources */,
			);
			buildRules = (
			);
			dependencies = (
				3D3DA31D26FE3B25004ED308 /* PBXTargetDependency */,
			);
			name = primeparcialTests;
			productName = primeparcialTests;
			productReference = 3D3DA31B26FE3B25004ED308 /* primeparcialTests.xctest */;
			productType = "com.apple.product-type.bundle.unit-test";
		};
		3D3DA32526FE3B25004ED308 /* primeparcialUITests */ = {
			isa = PBXNativeTarget;
			buildConfigurationList = 3D3DA33526FE3B25004ED308 /* Build configuration list for PBXNativeTarget "primeparcialUITests" */;
			buildPhases = (
				3D3DA32226FE3B25004ED308 /* Sources */,
				3D3DA32326FE3B25004ED308 /* Frameworks */,
				3D3DA32426FE3B25004ED308 /* Resources */,
			);
			buildRules = (
			);
			dependencies = (
				3D3DA32826FE3B25004ED308 /* PBXTargetDependency */,
			);
			name = primeparcialUITests;
			productName = primeparcialUITests;
			productReference = 3D3DA32626FE3B25004ED308 /* primeparcialUITests.xctest */;
			productType = "com.apple.product-type.bundle.ui-testing";
		};
/* End PBXNativeTarget section */

/* Begin PBXProject section */
		3D3DA2FD26FE3B23004ED308 /* Project object */ = {
			isa = PBXProject;
			attributes = {
				LastSwiftUpdateCheck = 1130;
				LastUpgradeCheck = 1130;
				ORGANIZATIONNAME = Alumno;
				TargetAttributes = {
					3D3DA30426FE3B23004ED308 = {
						CreatedOnToolsVersion = 11.3.1;
					};
					3D3DA31A26FE3B25004ED308 = {
						CreatedOnToolsVersion = 11.3.1;
						TestTargetID = 3D3DA30426FE3B23004ED308;
					};
					3D3DA32526FE3B25004ED308 = {
						CreatedOnToolsVersion = 11.3.1;
						TestTargetID = 3D3DA30426FE3B23004ED308;
					};
				};
			};
			buildConfigurationList = 3D3DA30026FE3B23004ED308 /* Build configuration list for PBXProject "primeparcial" */;
			compatibilityVersion = "Xcode 9.3";
			developmentRegion = en;
			hasScannedForEncodings = 0;
			knownRegions = (
				en,
				Base,
			);
			mainGroup = 3D3DA2FC26FE3B23004ED308;
			productRefGroup = 3D3DA30626FE3B23004ED308 /* Products */;
			projectDirPath = "";
			projectRoot = "";
			targets = (
				3D3DA30426FE3B23004ED308 /* primeparcial */,
				3D3DA31A26FE3B25004ED308 /* primeparcialTests */,
				3D3DA32526FE3B25004ED308 /* primeparcialUITests */,
			);
		};
/* End PBXProject section */

/* Begin PBXResourcesBuildPhase section */
		3D3DA30326FE3B23004ED308 /* Resources */ = {
			isa = PBXResourcesBuildPhase;
			buildActionMask = 2147483647;
			files = (
				3D3DA31526FE3B25004ED308 /* LaunchScreen.storyboard in Resources */,
				3D3DA31226FE3B25004ED308 /* Assets.xcassets in Resources */,
				3D3DA31026FE3B23004ED308 /* Main.storyboard in Resources */,
			);
			runOnlyForDeploymentPostprocessing = 0;
		};
		3D3DA31926FE3B25004ED308 /* Resources */ = {
			isa = PBXResourcesBuildPhase;
			buildActionMask = 2147483647;
			files = (
			);
			runOnlyForDeploymentPostprocessing = 0;
		};
		3D3DA32426FE3B25004ED308 /* Resources */ = {
			isa = PBXResourcesBuildPhase;
			buildActionMask = 2147483647;
			files = (
			);
			runOnlyForDeploymentPostprocessing = 0;
		};
/* End PBXResourcesBuildPhase section */

/* Begin PBXSourcesBuildPhase section */
		3D3DA30126FE3B23004ED308 /* Sources */ = {
			isa = PBXSourcesBuildPhase;
			buildActionMask = 2147483647;
			files = (
				3D3DA30D26FE3B23004ED308 /* ViewController.swift in Sources */,
				3D3DA30926FE3B23004ED308 /* AppDelegate.swift in Sources */,
				3D3DA30B26FE3B23004ED308 /* SceneDelegate.swift in Sources */,
			);
			runOnlyForDeploymentPostprocessing = 0;
		};
		3D3DA31726FE3B25004ED308 /* Sources */ = {
			isa = PBXSourcesBuildPhase;
			buildActionMask = 2147483647;
			files = (
				3D3DA32026FE3B25004ED308 /* primeparcialTests.swift in Sources */,
			);
			runOnlyForDeploymentPostprocessing = 0;
		};
		3D3DA32226FE3B25004ED308 /* Sources */ = {
			isa = PBXSourcesBuildPhase;
			buildActionMask = 2147483647;
			files = (
				3D3DA32B26FE3B25004ED308 /* primeparcialUITests.swift in Sources */,
			);
			runOnlyForDeploymentPostprocessing = 0;
		};
/* End PBXSourcesBuildPhase section */

/* Begin PBXTargetDependency section */
		3D3DA31D26FE3B25004ED308 /* PBXTargetDependency */ = {
			isa = PBXTargetDependency;
			target = 3D3DA30426FE3B23004ED308 /* primeparcial */;
			targetProxy = 3D3DA31C26FE3B25004ED308 /* PBXContainerItemProxy */;
		};
		3D3DA32826FE3B25004ED308 /* PBXTargetDependency */ = {
			isa = PBXTargetDependency;
			target = 3D3DA30426FE3B23004ED308 /* primeparcial */;
			targetProxy = 3D3DA32726FE3B25004ED308 /* PBXContainerItemProxy */;
		};
/* End PBXTargetDependency section */

/* Begin PBXVariantGroup section */
		3D3DA30E26FE3B23004ED308 /* Main.storyboard */ = {
			isa = PBXVariantGroup;
			children = (
				3D3DA30F26FE3B23004ED308 /* Base */,
			);
			name = Main.storyboard;
			sourceTree = "<group>";
		};
		3D3DA31326FE3B25004ED308 /* LaunchScreen.storyboard */ = {
			isa = PBXVariantGroup;
			children = (
				3D3DA31426FE3B25004ED308 /* Base */,
			);
			name = LaunchScreen.storyboard;
			sourceTree = "<group>";
		};
/* End PBXVariantGroup section */

/* Begin XCBuildConfiguration section */
		3D3DA32D26FE3B25004ED308 /* Debug */ = {
			isa = XCBuildConfiguration;
			buildSettings = {
				ALWAYS_SEARCH_USER_PATHS = NO;
				CLANG_ANALYZER_NONNULL = YES;
				CLANG_ANALYZER_NUMBER_OBJECT_CONVERSION = YES_AGGRESSIVE;
				CLANG_CXX_LANGUAGE_STANDARD = "gnu++14";
				CLANG_CXX_LIBRARY = "libc++";
				CLANG_ENABLE_MODULES = YES;
				CLANG_ENABLE_OBJC_ARC = YES;
				CLANG_ENABLE_OBJC_WEAK = YES;
				CLANG_WARN_BLOCK_CAPTURE_AUTORELEASING = YES;
				CLANG_WARN_BOOL_CONVERSION = YES;
				CLANG_WARN_COMMA = YES;
				CLANG_WARN_CONSTANT_CONVERSION = YES;
				CLANG_WARN_DEPRECATED_OBJC_IMPLEMENTATIONS = YES;
				CLANG_WARN_DIRECT_OBJC_ISA_USAGE = YES_ERROR;
				CLANG_WARN_DOCUMENTATION_COMMENTS = YES;
				CLANG_WARN_EMPTY_BODY = YES;
				CLANG_WARN_ENUM_CONVERSION = YES;
				CLANG_WARN_INFINITE_RECURSION = YES;
				CLANG_WARN_INT_CONVERSION = YES;
				CLANG_WARN_NON_LITERAL_NULL_CONVERSION = YES;
				CLANG_WARN_OBJC_IMPLICIT_RETAIN_SELF = YES;
				CLANG_WARN_OBJC_LITERAL_CONVERSION = YES;
				CLANG_WARN_OBJC_ROOT_CLASS = YES_ERROR;
				CLANG_WARN_RANGE_LOOP_ANALYSIS = YES;
				CLANG_WARN_STRICT_PROTOTYPES = YES;
				CLANG_WARN_SUSPICIOUS_MOVE = YES;
				CLANG_WARN_UNGUARDED_AVAILABILITY = YES_AGGRESSIVE;
				CLANG_WARN_UNREACHABLE_CODE = YES;
				CLANG_WARN__DUPLICATE_METHOD_MATCH = YES;
				COPY_PHASE_STRIP = NO;
				DEBUG_INFORMATION_FORMAT = dwarf;
				ENABLE_STRICT_OBJC_MSGSEND = YES;
				ENABLE_TESTABILITY = YES;
				GCC_C_LANGUAGE_STANDARD = gnu11;
				GCC_DYNAMIC_NO_PIC = NO;
				GCC_NO_COMMON_BLOCKS = YES;
				GCC_OPTIMIZATION_LEVEL = 0;
				GCC_PREPROCESSOR_DEFINITIONS = (
					"DEBUG=1",
					"$(inherited)",
				);
				GCC_WARN_64_TO_32_BIT_CONVERSION = YES;
				GCC_WARN_ABOUT_RETURN_TYPE = YES_ERROR;
				GCC_WARN_UNDECLARED_SELECTOR = YES;
				GCC_WARN_UNINITIALIZED_AUTOS = YES_AGGRESSIVE;
				GCC_WARN_UNUSED_FUNCTION = YES;
				GCC_WARN_UNUSED_VARIABLE = YES;
				IPHONEOS_DEPLOYMENT_TARGET = 13.2;
				MTL_ENABLE_DEBUG_INFO = INCLUDE_SOURCE;
				MTL_FAST_MATH = YES;
				ONLY_ACTIVE_ARCH = YES;
				SDKROOT = iphoneos;
				SWIFT_ACTIVE_COMPILATION_CONDITIONS = DEBUG;
				SWIFT_OPTIMIZATION_LEVEL = "-Onone";
			};
			name = Debug;
		};
		3D3DA32E26FE3B25004ED308 /* Release */ = {
			isa = XCBuildConfiguration;
			buildSettings = {
				ALWAYS_SEARCH_USER_PATHS = NO;
				CLANG_ANALYZER_NONNULL = YES;
				CLANG_ANALYZER_NUMBER_OBJECT_CONVERSION = YES_AGGRESSIVE;
				CLANG_CXX_LANGUAGE_STANDARD = "gnu++14";
				CLANG_CXX_LIBRARY = "libc++";
				CLANG_ENABLE_MODULES = YES;
				CLANG_ENABLE_OBJC_ARC = YES;
				CLANG_ENABLE_OBJC_WEAK = YES;
				CLANG_WARN_BLOCK_CAPTURE_AUTORELEASING = YES;
				CLANG_WARN_BOOL_CONVERSION = YES;
				CLANG_WARN_COMMA = YES;
				CLANG_WARN_CONSTANT_CONVERSION = YES;
				CLANG_WARN_DEPRECATED_OBJC_IMPLEMENTATIONS = YES;
				CLANG_WARN_DIRECT_OBJC_ISA_USAGE = YES_ERROR;
				CLANG_WARN_DOCUMENTATION_COMMENTS = YES;
				CLANG_WARN_EMPTY_BODY = YES;
				CLANG_WARN_ENUM_CONVERSION = YES;
				CLANG_WARN_INFINITE_RECURSION = YES;
				CLANG_WARN_INT_CONVERSION = YES;
				CLANG_WARN_NON_LITERAL_NULL_CONVERSION = YES;
				CLANG_WARN_OBJC_IMPLICIT_RETAIN_SELF = YES;
				CLANG_WARN_OBJC_LITERAL_CONVERSION = YES;
				CLANG_WARN_OBJC_ROOT_CLASS = YES_ERROR;
				CLANG_WARN_RANGE_LOOP_ANALYSIS = YES;
				CLANG_WARN_STRICT_PROTOTYPES = YES;
				CLANG_WARN_SUSPICIOUS_MOVE = YES;
				CLANG_WARN_UNGUARDED_AVAILABILITY = YES_AGGRESSIVE;
				CLANG_WARN_UNREACHABLE_CODE = YES;
				CLANG_WARN__DUPLICATE_METHOD_MATCH = YES;
				COPY_PHASE_STRIP = NO;
				DEBUG_INFORMATION_FORMAT = "dwarf-with-dsym";
				ENABLE_NS_ASSERTIONS = NO;
				ENABLE_STRICT_OBJC_MSGSEND = YES;
				GCC_C_LANGUAGE_STANDARD = gnu11;
				GCC_NO_COMMON_BLOCKS = YES;
				GCC_WARN_64_TO_32_BIT_CONVERSION = YES;
				GCC_WARN_ABOUT_RETURN_TYPE = YES_ERROR;
				GCC_WARN_UNDECLARED_SELECTOR = YES;
				GCC_WARN_UNINITIALIZED_AUTOS = YES_AGGRESSIVE;
				GCC_WARN_UNUSED_FUNCTION = YES;
				GCC_WARN_UNUSED_VARIABLE = YES;
				IPHONEOS_DEPLOYMENT_TARGET = 13.2;
				MTL_ENABLE_DEBUG_INFO = NO;
				MTL_FAST_MATH = YES;
				SDKROOT = iphoneos;
				SWIFT_COMPILATION_MODE = wholemodule;
				SWIFT_OPTIMIZATION_LEVEL = "-O";
				VALIDATE_PRODUCT = YES;
			};
			name = Release;
		};
		3D3DA33026FE3B25004ED308 /* Debug */ = {
			isa = XCBuildConfiguration;
			buildSettings = {
				ASSETCATALOG_COMPILER_APPICON_NAME = AppIcon;
				CODE_SIGN_STYLE = Automatic;
				INFOPLIST_FILE = primeparcial/Info.plist;
				LD_RUNPATH_SEARCH_PATHS = (
					"$(inherited)",
					"@executable_path/Frameworks",
				);
				PRODUCT_BUNDLE_IDENTIFIER = edu.ulsa.primeparcial;
				PRODUCT_NAME = "$(TARGET_NAME)";
				SWIFT_VERSION = 5.0;
				TARGETED_DEVICE_FAMILY = "1,2";
			};
			name = Debug;
		};
		3D3DA33126FE3B25004ED308 /* Release */ = {
			isa = XCBuildConfiguration;
			buildSettings = {
				ASSETCATALOG_COMPILER_APPICON_NAME = AppIcon;
				CODE_SIGN_STYLE = Automatic;
				INFOPLIST_FILE = primeparcial/Info.plist;
				LD_RUNPATH_SEARCH_PATHS = (
					"$(inherited)",
					"@executable_path/Frameworks",
				);
				PRODUCT_BUNDLE_IDENTIFIER = edu.ulsa.primeparcial;
				PRODUCT_NAME = "$(TARGET_NAME)";
				SWIFT_VERSION = 5.0;
				TARGETED_DEVICE_FAMILY = "1,2";
			};
			name = Release;
		};
		3D3DA33326FE3B25004ED308 /* Debug */ = {
			isa = XCBuildConfiguration;
			buildSettings = {
				ALWAYS_EMBED_SWIFT_STANDARD_LIBRARIES = YES;
				BUNDLE_LOADER = "$(TEST_HOST)";
				CODE_SIGN_STYLE = Automatic;
				INFOPLIST_FILE = primeparcialTests/Info.plist;
				IPHONEOS_DEPLOYMENT_TARGET = 13.2;
				LD_RUNPATH_SEARCH_PATHS = (
					"$(inherited)",
					"@executable_path/Frameworks",
					"@loader_path/Frameworks",
				);
				PRODUCT_BUNDLE_IDENTIFIER = edu.ulsa.primeparcialTests;
				PRODUCT_NAME = "$(TARGET_NAME)";
				SWIFT_VERSION = 5.0;
				TARGETED_DEVICE_FAMILY = "1,2";
				TEST_HOST = "$(BUILT_PRODUCTS_DIR)/primeparcial.app/primeparcial";
			};
			name = Debug;
		};
		3D3DA33426FE3B25004ED308 /* Release */ = {
			isa = XCBuildConfiguration;
			buildSettings = {
				ALWAYS_EMBED_SWIFT_STANDARD_LIBRARIES = YES;
				BUNDLE_LOADER = "$(TEST_HOST)";
				CODE_SIGN_STYLE = Automatic;
				INFOPLIST_FILE = primeparcialTests/Info.plist;
				IPHONEOS_DEPLOYMENT_TARGET = 13.2;
				LD_RUNPATH_SEARCH_PATHS = (
					"$(inherited)",
					"@executable_path/Frameworks",
					"@loader_path/Frameworks",
				);
				PRODUCT_BUNDLE_IDENTIFIER = edu.ulsa.primeparcialTests;
				PRODUCT_NAME = "$(TARGET_NAME)";
				SWIFT_VERSION = 5.0;
				TARGETED_DEVICE_FAMILY = "1,2";
				TEST_HOST = "$(BUILT_PRODUCTS_DIR)/primeparcial.app/primeparcial";
			};
			name = Release;
		};
		3D3DA33626FE3B25004ED308 /* Debug */ = {
			isa = XCBuildConfiguration;
			buildSettings = {
				ALWAYS_EMBED_SWIFT_STANDARD_LIBRARIES = YES;
				CODE_SIGN_STYLE = Automatic;
				INFOPLIST_FILE = primeparcialUITests/Info.plist;
				LD_RUNPATH_SEARCH_PATHS = (
					"$(inherited)",
					"@executable_path/Frameworks",
					"@loader_path/Frameworks",
				);
				PRODUCT_BUNDLE_IDENTIFIER = edu.ulsa.primeparcialUITests;
				PRODUCT_NAME = "$(TARGET_NAME)";
				SWIFT_VERSION = 5.0;
				TARGETED_DEVICE_FAMILY = "1,2";
				TEST_TARGET_NAME = primeparcial;
			};
			name = Debug;
		};
		3D3DA33726FE3B25004ED308 /* Release */ = {
			isa = XCBuildConfiguration;
			buildSettings = {
				ALWAYS_EMBED_SWIFT_STANDARD_LIBRARIES = YES;
				CODE_SIGN_STYLE = Automatic;
				INFOPLIST_FILE = primeparcialUITests/Info.plist;
				LD_RUNPATH_SEARCH_PATHS = (
					"$(inherited)",
					"@executable_path/Frameworks",
					"@loader_path/Frameworks",
				);
				PRODUCT_BUNDLE_IDENTIFIER = edu.ulsa.primeparcialUITests;
				PRODUCT_NAME = "$(TARGET_NAME)";
				SWIFT_VERSION = 5.0;
				TARGETED_DEVICE_FAMILY = "1,2";
				TEST_TARGET_NAME = primeparcial;
			};
			name = Release;
		};
/* End XCBuildConfiguration section */

/* Begin XCConfigurationList section */
		3D3DA30026FE3B23004ED308 /* Build configuration list for PBXProject "primeparcial" */ = {
			isa = XCConfigurationList;
			buildConfigurations = (
				3D3DA32D26FE3B25004ED308 /* Debug */,
				3D3DA32E26FE3B25004ED308 /* Release */,
			);
			defaultConfigurationIsVisible = 0;
			defaultConfigurationName = Release;
		};
		3D3DA32F26FE3B25004ED308 /* Build configuration list for PBXNativeTarget "primeparcial" */ = {
			isa = XCConfigurationList;
			buildConfigurations = (
				3D3DA33026FE3B25004ED308 /* Debug */,
				3D3DA33126FE3B25004ED308 /* Release */,
			);
			defaultConfigurationIsVisible = 0;
			defaultConfigurationName = Release;
		};
		3D3DA33226FE3B25004ED308 /* Build configuration list for PBXNativeTarget "primeparcialTests" */ = {
			isa = XCConfigurationList;
			buildConfigurations = (
				3D3DA33326FE3B25004ED308 /* Debug */,
				3D3DA33426FE3B25004ED308 /* Release */,
			);
			defaultConfigurationIsVisible = 0;
			defaultConfigurationName = Release;
		};
		3D3DA33526FE3B25004ED308 /* Build configuration list for PBXNativeTarget "primeparcialUITests" */ = {
			isa = XCConfigurationList;
			buildConfigurations = (
				3D3DA33626FE3B25004ED308 /* Debug */,
				3D3DA33726FE3B25004ED308 /* Release */,
			);
			defaultConfigurationIsVisible = 0;
			defaultConfigurationName = Release;
		};
/* End XCConfigurationList section */
	};
	rootObject = 3D3DA2FD26FE3B23004ED308 /* Project object */;
}
